
Microsoft Visual Studio Solution File, Format Version 12.00
# Visual Studio Version 16
VisualStudioVersion = 16.0.30611.23
MinimumVisualStudioVersion = 10.0.40219.1
Project("{FAE04EC0-301F-11D3-BF4B-00C04F79EFBC}") = "Collaborative_WhiteBoard", "Collaborative_WhiteBoard\Collaborative_WhiteBoard.csproj", "{C4E55ECE-BF81-4C27-9D57-9E7A1F81DCC6}"
EndProject
Global
	GlobalSection(SolutionConfigurationPlatforms) = preSolution
		Debug|Any CPU = Debug|Any CPU
		Release|Any CPU = Release|Any CPU
	EndGlobalSection
	GlobalSection(ProjectConfigurationPlatforms) = postSolution
		{C4E55ECE-BF81-4C27-9D57-9E7A1F81DCC6}.Debug|Any CPU.ActiveCfg = Debug|Any CPU
		{C4E55ECE-BF81-4C27-9D57-9E7A1F81DCC6}.Debug|Any CPU.Build.0 = Debug|Any CPU
		{C4E55ECE-BF81-4C27-9D57-9E7A1F81DCC6}.Release|Any CPU.ActiveCfg = Release|Any CPU
		{C4E55ECE-BF81-4C27-9D57-9E7A1F81DCC6}.Release|Any CPU.Build.0 = Release|Any CPU
	EndGlobalSection
	GlobalSection(SolutionProperties) = preSolution
		HideSolutionNode = FALSE
	EndGlobalSection
	GlobalSection(ExtensibilityGlobals) = postSolution
		SolutionGuid = {5D137264-A48C-421A-BF91-C61DA8E6CCE6}
	EndGlobalSection
EndGlobal
